<?xml version="1.0" encoding="utf-8"?>
<Project ToolsVersion="4.0" xmlns="http://schemas.microsoft.com/developer/msbuild/2003">
  <ItemGroup>
    <Filter Include="Source Files">
      <UniqueIdentifier>{4FC737F1-C7A5-4376-A066-2A32D752A2FF}</UniqueIdentifier>
      <Extensions>cpp;c;cc;cxx;def;odl;idl;hpj;bat;asm;asmx</Extensions>
    </Filter>
    <Filter Include="Header Files">
      <UniqueIdentifier>{93995380-89BD-4b04-88EB-625FBE52EBFB}</UniqueIdentifier>
      <Extensions>h;hh;hpp;hxx;hm;inl;inc;xsd</Extensions>
    </Filter>
    <Filter Include="Resource Files">
      <UniqueIdentifier>{67DA6AB6-F800-4c08-8B7A-83BB121AAD01}</UniqueIdentifier>
      <Extensions>rc;ico;cur;bmp;dlg;rc2;rct;bin;rgs;gif;jpg;jpeg;jpe;resx;tiff;tif;png;wav;mfcribbon-ms</Extensions>
    </Filter>
  </ItemGroup>
  <ItemGroup>
    <ClInclude Include="include\GH_UIX\targetver.h">
      <Filter>Header Files</Filter>
    </ClInclude>
    <ClInclude Include="include\GH_UIX\Controls\Controls.h">
      <Filter>Header Files</Filter>
    </ClInclude>
    <ClInclude Include="include\GH_UIX\misc\error.h">
      <Filter>Header Files</Filter>
    </ClInclude>
    <ClInclude Include="include\GH_UIX\Render\Font.h">
      <Filter>Header Files</Filter>
    </ClInclude>
    <ClInclude Include="include\GH_UIX\Render\Primitive.h">
      <Filter>Header Files</Filter>
    </ClInclude>
    <ClInclude Include="include\GH_UIX\Render\Render.h">
      <Filter>Header Files</Filter>
    </ClInclude>
    <ClInclude Include="include\GH_UIX\Render\Renderable.h">
      <Filter>Header Files</Filter>
    </ClInclude>
    <ClInclude Include="include\GH_UIX\Render\RenderList.h">
      <Filter>Header Files</Filter>
    </ClInclude>
    <ClInclude Include="include\GH_UIX\Render\Sprite.h">
      <Filter>Header Files</Filter>
    </ClInclude>
    <ClInclude Include="include\GH_UIX\Render\Text.h">
      <Filter>Header Files</Filter>
    </ClInclude>
    <ClInclude Include="include\GH_UIX\Render\Texture.h">
      <Filter>Header Files</Filter>
    </ClInclude>
    <ClInclude Include="include\GH_UIX\Render\TypesDX9.h">
      <Filter>Header Files</Filter>
    </ClInclude>
    <ClInclude Include="include\GH_UIX\misc\utility.h">
      <Filter>Header Files</Filter>
    </ClInclude>
    <ClInclude Include="include\GH_UIX\misc\vec2.h">
      <Filter>Header Files</Filter>
    </ClInclude>
    <ClInclude Include="include\GH_UIX\misc\vec3.h">
      <Filter>Header Files</Filter>
    </ClInclude>
    <ClInclude Include="include\GH_UIX\misc\NativeWindow.h">
      <Filter>Header Files</Filter>
    </ClInclude>
    <ClInclude Include="include\GH_UIX\Controls\Control\XButton.h">
      <Filter>Header Files</Filter>
    </ClInclude>
    <ClInclude Include="include\GH_UIX\Controls\Control\XCanvas.h">
      <Filter>Header Files</Filter>
    </ClInclude>
    <ClInclude Include="include\GH_UIX\Controls\Control\XControl.h">
      <Filter>Header Files</Filter>
    </ClInclude>
    <ClInclude Include="include\GH_UIX\Controls\Control\XControlContainer.h">
      <Filter>Header Files</Filter>
    </ClInclude>
    <ClInclude Include="include\GH_UIX\Controls\Control\XDropdown.h">
      <Filter>Header Files</Filter>
    </ClInclude>
    <ClInclude Include="include\GH_UIX\Controls\Control\XGroupbox.h">
      <Filter>Header Files</Filter>
    </ClInclude>
    <ClInclude Include="include\GH_UIX\Controls\Control\XLabel.h">
      <Filter>Header Files</Filter>
    </ClInclude>
    <ClInclude Include="include\GH_UIX\Controls\Control\XListBox.h">
      <Filter>Header Files</Filter>
    </ClInclude>
    <ClInclude Include="include\GH_UIX\Controls\Control\XScrollbar.h">
      <Filter>Header Files</Filter>
    </ClInclude>
    <ClInclude Include="include\GH_UIX\Controls\Control\XSlider.h">
      <Filter>Header Files</Filter>
    </ClInclude>
    <ClInclude Include="include\GH_UIX\Controls\Control\XStateControl.h">
      <Filter>Header Files</Filter>
    </ClInclude>
    <ClInclude Include="include\GH_UIX\Controls\Control\XTabControl.h">
      <Filter>Header Files</Filter>
    </ClInclude>
    <ClInclude Include="include\GH_UIX\Controls\Control\XTextbox.h">
      <Filter>Header Files</Filter>
    </ClInclude>
    <ClInclude Include="include\GH_UIX\Controls\Control\XWindow.h">
      <Filter>Header Files</Filter>
    </ClInclude>
    <ClInclude Include="include\GH_UIX\UIX.h">
      <Filter>Header Files</Filter>
    </ClInclude>
    <ClInclude Include="include\GH_UIX\Memory\Memory.h">
      <Filter>Header Files</Filter>
    </ClInclude>
    <ClInclude Include="include\GH_UIX\Memory\MemoryIn.h">
      <Filter>Header Files</Filter>
    </ClInclude>
    <ClInclude Include="include\GH_UIX\TypesUIX.h">
      <Filter>Header Files</Filter>
    </ClInclude>
    <ClInclude Include="include\GH_UIX\Controls\Control\XTimer.h">
      <Filter>Header Files</Filter>
    </ClInclude>
    <ClInclude Include="include\GH_UIX\stdafx.h">
      <Filter>Header Files</Filter>
    </ClInclude>
    <ClInclude Include="include\GH_UIX\Memory\MemEx.h">
      <Filter>Header Files</Filter>
    </ClInclude>
    <ClInclude Include="include\GH_UIX\misc\vec4.h">
      <Filter>Header Files</Filter>
    </ClInclude>
  </ItemGroup>
  <ItemGroup>
    <ClCompile Include="src\stdafx.cpp">
      <Filter>Source Files</Filter>
    </ClCompile>
    <ClCompile Include="src\Render\Primitive.cpp">
      <Filter>Source Files</Filter>
    </ClCompile>
    <ClCompile Include="src\Render\Render.cpp">
      <Filter>Source Files</Filter>
    </ClCompile>
    <ClCompile Include="src\Render\Renderable.cpp">
      <Filter>Source Files</Filter>
    </ClCompile>
    <ClCompile Include="src\Render\RenderList.cpp">
      <Filter>Source Files</Filter>
    </ClCompile>
    <ClCompile Include="src\Render\Sprite.cpp">
      <Filter>Source Files</Filter>
    </ClCompile>
    <ClCompile Include="src\Render\Text.cpp">
      <Filter>Source Files</Filter>
    </ClCompile>
    <ClCompile Include="src\Render\Texture.cpp">
      <Filter>Source Files</Filter>
    </ClCompile>
    <ClCompile Include="src\Controls\XButton.cpp">
      <Filter>Source Files</Filter>
    </ClCompile>
    <ClCompile Include="src\Controls\XCanvas.cpp">
      <Filter>Source Files</Filter>
    </ClCompile>
    <ClCompile Include="src\Controls\XControl.cpp">
      <Filter>Source Files</Filter>
    </ClCompile>
    <ClCompile Include="src\Controls\XControlContainer.cpp">
      <Filter>Source Files</Filter>
    </ClCompile>
    <ClCompile Include="src\Controls\XDropdown.cpp">
      <Filter>Source Files</Filter>
    </ClCompile>
    <ClCompile Include="src\Controls\XGroupbox.cpp">
      <Filter>Source Files</Filter>
    </ClCompile>
    <ClCompile Include="src\Controls\XLabel.cpp">
      <Filter>Source Files</Filter>
    </ClCompile>
    <ClCompile Include="src\Controls\XListBox.cpp">
      <Filter>Source Files</Filter>
    </ClCompile>
    <ClCompile Include="src\Controls\XScrollbar.cpp">
      <Filter>Source Files</Filter>
    </ClCompile>
    <ClCompile Include="src\Controls\XSlider.cpp">
      <Filter>Source Files</Filter>
    </ClCompile>
    <ClCompile Include="src\Controls\XStateControl.cpp">
      <Filter>Source Files</Filter>
    </ClCompile>
    <ClCompile Include="src\Controls\XTabControl.cpp">
      <Filter>Source Files</Filter>
    </ClCompile>
    <ClCompile Include="src\Controls\XTextbox.cpp">
      <Filter>Source Files</Filter>
    </ClCompile>
    <ClCompile Include="src\Controls\XWindow.cpp">
      <Filter>Source Files</Filter>
    </ClCompile>
    <ClCompile Include="src\Render\Font.cpp">
      <Filter>Source Files</Filter>
    </ClCompile>
    <ClCompile Include="src\misc\NativeWindow.cpp">
      <Filter>Source Files</Filter>
    </ClCompile>
    <ClCompile Include="src\misc\utility.cpp">
      <Filter>Source Files</Filter>
    </ClCompile>
    <ClCompile Include="src\UIX.cpp">
      <Filter>Source Files</Filter>
    </ClCompile>
    <ClCompile Include="src\misc\error.cpp">
      <Filter>Source Files</Filter>
    </ClCompile>
    <ClCompile Include="src\Memory\MemoryIn.cpp">
      <Filter>Source Files</Filter>
    </ClCompile>
    <ClCompile Include="src\Controls\XTimer.cpp">
      <Filter>Source Files</Filter>
    </ClCompile>
    <ClCompile Include="src\Memory\MemEx.cpp">
      <Filter>Source Files</Filter>
    </ClCompile>
  </ItemGroup>
</Project>